{
  "name": "juejin-enhancer",
  "version": "1.0.0",
  "lockfileVersion": 1,
  "requires": true,
  "dependencies": {
    "adler-32": {
      "version": "1.2.0",
      "resolved": "https://registry.nlark.com/adler-32/download/adler-32-1.2.0.tgz",
      "integrity": "sha1-aj5r8KY5ALoVZSgIyxXGgT0aXyU=",
      "requires": {
        "exit-on-epipe": "~1.0.1",
        "printj": "~1.1.0"
      }
    },
    "axios": {
      "version": "0.23.0",
      "resolved": "https://registry.npmmirror.com/axios/download/axios-0.23.0.tgz",
      "integrity": "sha1-sPpdCUio0ddePVY1I4tsRiWwUUk=",
      "requires": {
        "follow-redirects": "^1.14.4"
      }
    },
    "cfb": {
      "version": "1.2.1",
      "resolved": "https://registry.nlark.com/cfb/download/cfb-1.2.1.tgz",
      "integrity": "sha1-IJQp5MaO/TBkH2/HSy1gKL0gJAI=",
      "requires": {
        "adler-32": "~1.3.0",
        "crc-32": "~1.2.0",
        "printj": "~1.3.0"
      },
      "dependencies": {
        "adler-32": {
          "version": "1.3.0",
          "resolved": "https://registry.nlark.com/adler-32/download/adler-32-1.3.0.tgz",
          "integrity": "sha1-PK0bcc36afbIqR8+NhXTGk/e3HI=",
          "requires": {
            "printj": "~1.2.2"
          },
          "dependencies": {
            "printj": {
              "version": "1.2.3",
              "resolved": "https://registry.nlark.com/printj/download/printj-1.2.3.tgz",
              "integrity": "sha1-LPsrGSoeU4XbvltGZYrDSqgoUIo="
            }
          }
        },
        "printj": {
          "version": "1.3.0",
          "resolved": "https://registry.nlark.com/printj/download/printj-1.3.0.tgz",
          "integrity": "sha1-kBipGKeQ5DcH8QYl1uEBh6Nnz/Y="
        }
      }
    },
    "codepage": {
      "version": "1.15.0",
      "resolved": "https://registry.nlark.com/codepage/download/codepage-1.15.0.tgz",
      "integrity": "sha1-LgBRkCSzlCTsZu6z7AcifmkmGKs="
    },
    "commander": {
      "version": "2.17.1",
      "resolved": "https://registry.npmmirror.com/commander/download/commander-2.17.1.tgz?cache=0&sync_timestamp=1634886396986&other_urls=https%3A%2F%2Fregistry.npmmirror.com%2Fcommander%2Fdownload%2Fcommander-2.17.1.tgz",
      "integrity": "sha1-vXerfebelCBc6sxy8XFtKfIKd78="
    },
    "crc-32": {
      "version": "1.2.0",
      "resolved": "https://registry.npm.taobao.org/crc-32/download/crc-32-1.2.0.tgz",
      "integrity": "sha1-yy224puIUI4y2d0OwWk+e0Ghggg=",
      "requires": {
        "exit-on-epipe": "~1.0.1",
        "printj": "~1.1.0"
      }
    },
    "exit-on-epipe": {
      "version": "1.0.1",
      "resolved": "https://registry.npm.taobao.org/exit-on-epipe/download/exit-on-epipe-1.0.1.tgz",
      "integrity": "sha1-C92S6H1ShdJn2qgXHQ6wYVlolpI="
    },
    "fflate": {
      "version": "0.7.1",
      "resolved": "https://registry.nlark.com/fflate/download/fflate-0.7.1.tgz",
      "integrity": "sha1-Vuh+h8Py/gGwJfuxxOqDWZDAL6I="
    },
    "follow-redirects": {
      "version": "1.14.4",
      "resolved": "https://registry.nlark.com/follow-redirects/download/follow-redirects-1.14.4.tgz?cache=0&sync_timestamp=1631622163078&other_urls=https%3A%2F%2Fregistry.nlark.com%2Ffollow-redirects%2Fdownload%2Ffollow-redirects-1.14.4.tgz",
      "integrity": "sha1-g4/fSKi73XnlLuUfsclOPtmLk3k="
    },
    "frac": {
      "version": "1.1.2",
      "resolved": "https://registry.nlark.com/frac/download/frac-1.1.2.tgz",
      "integrity": "sha1-PXT39keMiKG1AgMG10fcYxPHTQs="
    },
    "printj": {
      "version": "1.1.2",
      "resolved": "https://registry.nlark.com/printj/download/printj-1.1.2.tgz",
      "integrity": "sha1-2Q3rKXWoufYA+zoclOP0xTx4oiI="
    },
    "random-ua": {
      "version": "0.0.6",
      "resolved": "https://registry.npm.taobao.org/random-ua/download/random-ua-0.0.6.tgz",
      "integrity": "sha1-63CQG3Kk/guNOrdSprJRIuQMCtc="
    },
    "ssf": {
      "version": "0.11.2",
      "resolved": "https://registry.npm.taobao.org/ssf/download/ssf-0.11.2.tgz",
      "integrity": "sha1-C5lpiyN1SNCI/EPN8rcMGnUSwGw=",
      "requires": {
        "frac": "~1.1.2"
      }
    },
    "wmf": {
      "version": "1.0.2",
      "resolved": "https://registry.npm.taobao.org/wmf/download/wmf-1.0.2.tgz",
      "integrity": "sha1-fRnWIQcaCMK9xrfmiKnENSmMwto="
    },
    "word": {
      "version": "0.3.0",
      "resolved": "https://registry.npm.taobao.org/word/download/word-0.3.0.tgz",
      "integrity": "sha1-hUIVfk+OhJ9KNjooiZLUdhLbmWE="
    },
    "xlsx": {
      "version": "0.17.3",
      "resolved": "https://registry.npmmirror.com/xlsx/download/xlsx-0.17.3.tgz?cache=0&sync_timestamp=1634109981225&other_urls=https%3A%2F%2Fregistry.npmmirror.com%2Fxlsx%2Fdownload%2Fxlsx-0.17.3.tgz",
      "integrity": "sha1-HC3Tb/HOyw6995uk8mjpRdAHCEk=",
      "requires": {
        "adler-32": "~1.2.0",
        "cfb": "^1.1.4",
        "codepage": "~1.15.0",
        "commander": "~2.17.1",
        "crc-32": "~1.2.0",
        "exit-on-epipe": "~1.0.1",
        "fflate": "^0.7.1",
        "ssf": "~0.11.2",
        "wmf": "~1.0.1",
        "word": "~0.3.0"
      }
    }
  }
}
